
Microsoft Visual Studio Solution File, Format Version 12.00
# Visual Studio Version 16
VisualStudioVersion = 16.0.31112.23
MinimumVisualStudioVersion = 10.0.40219.1
Project("{888888A0-9F3D-457C-B088-3A5042F75D52}") = "01april", "01april.pyproj", "{9CFD5196-327D-4D0D-AEE6-B265622AB525}"
EndProject
Global
	GlobalSection(SolutionConfigurationPlatforms) = preSolution
		Debug|Any CPU = Debug|Any CPU
		Release|Any CPU = Release|Any CPU
	EndGlobalSection
	GlobalSection(ProjectConfigurationPlatforms) = postSolution
		{9CFD5196-327D-4D0D-AEE6-B265622AB525}.Debug|Any CPU.ActiveCfg = Debug|Any CPU
		{9CFD5196-327D-4D0D-AEE6-B265622AB525}.Release|Any CPU.ActiveCfg = Release|Any CPU
	EndGlobalSection
	GlobalSection(SolutionProperties) = preSolution
		HideSolutionNode = FALSE
	EndGlobalSection
	GlobalSection(ExtensibilityGlobals) = postSolution
		SolutionGuid = {6C60E3B4-8B5E-4AF4-B10B-AAC07CD5C305}
	EndGlobalSection
EndGlobal
